
Microsoft Visual Studio Solution File, Format Version 12.00
# Visual Studio Version 17
VisualStudioVersion = 17.3.32825.248
MinimumVisualStudioVersion = 10.0.40219.1
Project("{9A19103F-16F7-4668-BE54-9A1E7A4F7556}") = "P03AplikacjaPogodaClientAPI", "P03AplikacjaPogodaClientAPI\P03AplikacjaPogodaClientAPI.csproj", "{AF47362E-7D8D-4A84-BAFF-32167254E186}"
EndProject
Project("{9A19103F-16F7-4668-BE54-9A1E7A4F7556}") = "P04Sklep.API", "P04Sklep.API\P04Sklep.API.csproj", "{01B1D9D5-5BC0-4BDC-A697-404716B90C74}"
EndProject
Project("{9A19103F-16F7-4668-BE54-9A1E7A4F7556}") = "P05Sklep.Shared", "P05Sklep.Shared\P05Sklep.Shared.csproj", "{ECABB54C-B097-4C6B-B14E-6403B54A1820}"
EndProject
Project("{FAE04EC0-301F-11D3-BF4B-00C04F79EFBC}") = "P06Sklep.DataSeeder", "P06Sklep.DataSeeder\P06Sklep.DataSeeder.csproj", "{A5DC1654-91F2-42AB-92C4-CE71607BF851}"
EndProject
Global
	GlobalSection(SolutionConfigurationPlatforms) = preSolution
		Debug|Any CPU = Debug|Any CPU
		Release|Any CPU = Release|Any CPU
	EndGlobalSection
	GlobalSection(ProjectConfigurationPlatforms) = postSolution
		{AF47362E-7D8D-4A84-BAFF-32167254E186}.Debug|Any CPU.ActiveCfg = Debug|Any CPU
		{AF47362E-7D8D-4A84-BAFF-32167254E186}.Debug|Any CPU.Build.0 = Debug|Any CPU
		{AF47362E-7D8D-4A84-BAFF-32167254E186}.Release|Any CPU.ActiveCfg = Release|Any CPU
		{AF47362E-7D8D-4A84-BAFF-32167254E186}.Release|Any CPU.Build.0 = Release|Any CPU
		{01B1D9D5-5BC0-4BDC-A697-404716B90C74}.Debug|Any CPU.ActiveCfg = Debug|Any CPU
		{01B1D9D5-5BC0-4BDC-A697-404716B90C74}.Debug|Any CPU.Build.0 = Debug|Any CPU
		{01B1D9D5-5BC0-4BDC-A697-404716B90C74}.Release|Any CPU.ActiveCfg = Release|Any CPU
		{01B1D9D5-5BC0-4BDC-A697-404716B90C74}.Release|Any CPU.Build.0 = Release|Any CPU
		{ECABB54C-B097-4C6B-B14E-6403B54A1820}.Debug|Any CPU.ActiveCfg = Debug|Any CPU
		{ECABB54C-B097-4C6B-B14E-6403B54A1820}.Debug|Any CPU.Build.0 = Debug|Any CPU
		{ECABB54C-B097-4C6B-B14E-6403B54A1820}.Release|Any CPU.ActiveCfg = Release|Any CPU
		{ECABB54C-B097-4C6B-B14E-6403B54A1820}.Release|Any CPU.Build.0 = Release|Any CPU
		{A5DC1654-91F2-42AB-92C4-CE71607BF851}.Debug|Any CPU.ActiveCfg = Debug|Any CPU
		{A5DC1654-91F2-42AB-92C4-CE71607BF851}.Debug|Any CPU.Build.0 = Debug|Any CPU
		{A5DC1654-91F2-42AB-92C4-CE71607BF851}.Release|Any CPU.ActiveCfg = Release|Any CPU
		{A5DC1654-91F2-42AB-92C4-CE71607BF851}.Release|Any CPU.Build.0 = Release|Any CPU
	EndGlobalSection
	GlobalSection(SolutionProperties) = preSolution
		HideSolutionNode = FALSE
	EndGlobalSection
	GlobalSection(ExtensibilityGlobals) = postSolution
		SolutionGuid = {22A1D09C-FC8B-441A-B454-1D6D75B4FB13}
	EndGlobalSection
EndGlobal
